
Microsoft Visual Studio Solution File, Format Version 12.00
# Visual Studio 15
VisualStudioVersion = 15.0.28307.168
MinimumVisualStudioVersion = 10.0.40219.1
Project("{FAE04EC0-301F-11D3-BF4B-00C04F79EFBC}") = "cookieauth", "cookieauth\cookieauth.csproj", "{3B680CB1-DE27-4878-A3BE-D84469383C25}"
EndProject
Global
	GlobalSection(SolutionConfigurationPlatforms) = preSolution
		Debug|Any CPU = Debug|Any CPU
		Release|Any CPU = Release|Any CPU
	EndGlobalSection
	GlobalSection(ProjectConfigurationPlatforms) = postSolution
		{3B680CB1-DE27-4878-A3BE-D84469383C25}.Debug|Any CPU.ActiveCfg = Debug|Any CPU
		{3B680CB1-DE27-4878-A3BE-D84469383C25}.Debug|Any CPU.Build.0 = Debug|Any CPU
		{3B680CB1-DE27-4878-A3BE-D84469383C25}.Release|Any CPU.ActiveCfg = Release|Any CPU
		{3B680CB1-DE27-4878-A3BE-D84469383C25}.Release|Any CPU.Build.0 = Release|Any CPU
	EndGlobalSection
	GlobalSection(SolutionProperties) = preSolution
		HideSolutionNode = FALSE
	EndGlobalSection
	GlobalSection(ExtensibilityGlobals) = postSolution
		SolutionGuid = {9E8949CA-A1BA-4EBB-BD00-F3932135E0EE}
	EndGlobalSection
EndGlobal
